// !$*UTF8*$!
{
	archiveVersion = 1;
	classes = {
	};
	objectVersion = 77;
	objects = {

/* Begin PBXBuildFile section */
		D1DED0942DBA86A60068F872 /* SQLite in Frameworks */ = {isa = PBXBuildFile; productRef = D1DED0932DBA86A60068F872 /* SQLite */; };
/* End PBXBuildFile section */

/* Begin PBXContainerItemProxy section */
		D1DED0692DBA769A0068F872 /* PBXContainerItemProxy */ = {
			isa = PBXContainerItemProxy;
			containerPortal = D1DED0502DBA76980068F872 /* Project object */;
			proxyType = 1;
			remoteGlobalIDString = D1DED0572DBA76980068F872;
			remoteInfo = bilibil;
		};
		D1DED0732DBA769A0068F872 /* PBXContainerItemProxy */ = {
			isa = PBXContainerItemProxy;
			containerPortal = D1DED0502DBA76980068F872 /* Project object */;
			proxyType = 1;
			remoteGlobalIDString = D1DED0572DBA76980068F872;
			remoteInfo = bilibil;
		};
/* End PBXContainerItemProxy section */

/* Begin PBXFileReference section */
		D1DED0582DBA76980068F872 /* bilibil.app */ = {isa = PBXFileReference; explicitFileType = wrapper.application; includeInIndex = 0; path = bilibil.app; sourceTree = BUILT_PRODUCTS_DIR; };
		D1DED0682DBA769A0068F872 /* bilibilTests.xctest */ = {isa = PBXFileReference; explicitFileType = wrapper.cfbundle; includeInIndex = 0; path = bilibilTests.xctest; sourceTree = BUILT_PRODUCTS_DIR; };
		D1DED0722DBA769A0068F872 /* bilibilUITests.xctest */ = {isa = PBXFileReference; explicitFileType = wrapper.cfbundle; includeInIndex = 0; path = bilibilUITests.xctest; sourceTree = BUILT_PRODUCTS_DIR; };
		D1DED08C2DBA7E770068F872 /* libsqlite3.0.tbd */ = {isa = PBXFileReference; lastKnownFileType = "sourcecode.text-based-dylib-definition"; name = libsqlite3.0.tbd; path = usr/lib/libsqlite3.0.tbd; sourceTree = SDKROOT; };
		D1DED08D2DBA7E9C0068F872 /* libsqlite3.tbd */ = {isa = PBXFileReference; lastKnownFileType = "sourcecode.text-based-dylib-definition"; name = libsqlite3.tbd; path = usr/lib/libsqlite3.tbd; sourceTree = SDKROOT; };
/* End PBXFileReference section */

/* Begin PBXFileSystemSynchronizedRootGroup section */
		D1DED05A2DBA76980068F872 /* bilibil */ = {
			isa = PBXFileSystemSynchronizedRootGroup;
			path = bilibil;
			sourceTree = "<group>";
		};
		D1DED06B2DBA769A0068F872 /* bilibilTests */ = {
			isa = PBXFileSystemSynchronizedRootGroup;
			path = bilibilTests;
			sourceTree = "<group>";
		};
		D1DED0752DBA769A0068F872 /* bilibilUITests */ = {
			isa = PBXFileSystemSynchronizedRootGroup;
			path = bilibilUITests;
			sourceTree = "<group>";
		};
/* End PBXFileSystemSynchronizedRootGroup section */

/* Begin PBXFrameworksBuildPhase section */
		D1DED0552DBA76980068F872 /* Frameworks */ = {
			isa = PBXFrameworksBuildPhase;
			buildActionMask = 2147483647;
			files = (
				D1DED0942DBA86A60068F872 /* SQLite in Frameworks */,
			);
			runOnlyForDeploymentPostprocessing = 0;
		};
		D1DED0652DBA769A0068F872 /* Frameworks */ = {
			isa = PBXFrameworksBuildPhase;
			buildActionMask = 2147483647;
			files = (
			);
			runOnlyForDeploymentPostprocessing = 0;
		};
		D1DED06F2DBA769A0068F872 /* Frameworks */ = {
			isa = PBXFrameworksBuildPhase;
			buildActionMask = 2147483647;
			files = (
			);
			runOnlyForDeploymentPostprocessing = 0;
		};
/* End PBXFrameworksBuildPhase section */

/* Begin PBXGroup section */
		D1DED04F2DBA76980068F872 = {
			isa = PBXGroup;
			children = (
				D1DED05A2DBA76980068F872 /* bilibil */,
				D1DED06B2DBA769A0068F872 /* bilibilTests */,
				D1DED0752DBA769A0068F872 /* bilibilUITests */,
				D1DED08B2DBA7E760068F872 /* Frameworks */,
				D1DED0592DBA76980068F872 /* Products */,
			);
			sourceTree = "<group>";
		};
		D1DED0592DBA76980068F872 /* Products */ = {
			isa = PBXGroup;
			children = (
				D1DED0582DBA76980068F872 /* bilibil.app */,
				D1DED0682DBA769A0068F872 /* bilibilTests.xctest */,
				D1DED0722DBA769A0068F872 /* bilibilUITests.xctest */,
			);
			name = Products;
			sourceTree = "<group>";
		};
		D1DED08B2DBA7E760068F872 /* Frameworks */ = {
			isa = PBXGroup;
			children = (
				D1DED08D2DBA7E9C0068F872 /* libsqlite3.tbd */,
				D1DED08C2DBA7E770068F872 /* libsqlite3.0.tbd */,
			);
			name = Frameworks;
			sourceTree = "<group>";
		};
/* End PBXGroup section */

/* Begin PBXNativeTarget section */
		D1DED0572DBA76980068F872 /* bilibil */ = {
			isa = PBXNativeTarget;
			buildConfigurationList = D1DED07C2DBA769A0068F872 /* Build configuration list for PBXNativeTarget "bilibil" */;
			buildPhases = (
				D1DED0542DBA76980068F872 /* Sources */,
				D1DED0552DBA76980068F872 /* Frameworks */,
				D1DED0562DBA76980068F872 /* Resources */,
			);
			buildRules = (
			);
			dependencies = (
			);
			fileSystemSynchronizedGroups = (
				D1DED05A2DBA76980068F872 /* bilibil */,
			);
			name = bilibil;
			packageProductDependencies = (
				D1DED0932DBA86A60068F872 /* SQLite */,
			);
			productName = bilibil;
			productReference = D1DED0582DBA76980068F872 /* bilibil.app */;
			productType = "com.apple.product-type.application";
		};
		D1DED0672DBA769A0068F872 /* bilibilTests */ = {
			isa = PBXNativeTarget;
			buildConfigurationList = D1DED07F2DBA769A0068F872 /* Build configuration list for PBXNativeTarget "bilibilTests" */;
			buildPhases = (
				D1DED0642DBA769A0068F872 /* Sources */,
				D1DED0652DBA769A0068F872 /* Frameworks */,
				D1DED0662DBA769A0068F872 /* Resources */,
			);
			buildRules = (
			);
			dependencies = (
				D1DED06A2DBA769A0068F872 /* PBXTargetDependency */,
			);
			fileSystemSynchronizedGroups = (
				D1DED06B2DBA769A0068F872 /* bilibilTests */,
			);
			name = bilibilTests;
			packageProductDependencies = (
			);
			productName = bilibilTests;
			productReference = D1DED0682DBA769A0068F872 /* bilibilTests.xctest */;
			productType = "com.apple.product-type.bundle.unit-test";
		};
		D1DED0712DBA769A0068F872 /* bilibilUITests */ = {
			isa = PBXNativeTarget;
			buildConfigurationList = D1DED0822DBA769A0068F872 /* Build configuration list for PBXNativeTarget "bilibilUITests" */;
			buildPhases = (
				D1DED06E2DBA769A0068F872 /* Sources */,
				D1DED06F2DBA769A0068F872 /* Frameworks */,
				D1DED0702DBA769A0068F872 /* Resources */,
			);
			buildRules = (
			);
			dependencies = (
				D1DED0742DBA769A0068F872 /* PBXTargetDependency */,
			);
			fileSystemSynchronizedGroups = (
				D1DED0752DBA769A0068F872 /* bilibilUITests */,
			);
			name = bilibilUITests;
			packageProductDependencies = (
			);
			productName = bilibilUITests;
			productReference = D1DED0722DBA769A0068F872 /* bilibilUITests.xctest */;
			productType = "com.apple.product-type.bundle.ui-testing";
		};
/* End PBXNativeTarget section */

/* Begin PBXProject section */
		D1DED0502DBA76980068F872 /* Project object */ = {
			isa = PBXProject;
			attributes = {
				BuildIndependentTargetsInParallel = 1;
				LastSwiftUpdateCheck = 1600;
				LastUpgradeCheck = 1600;
				TargetAttributes = {
					D1DED0572DBA76980068F872 = {
						CreatedOnToolsVersion = 16.0;
					};
					D1DED0672DBA769A0068F872 = {
						CreatedOnToolsVersion = 16.0;
						TestTargetID = D1DED0572DBA76980068F872;
					};
					D1DED0712DBA769A0068F872 = {
						CreatedOnToolsVersion = 16.0;
						TestTargetID = D1DED0572DBA76980068F872;
					};
				};
			};
			buildConfigurationList = D1DED0532DBA76980068F872 /* Build configuration list for PBXProject "bilibil" */;
			developmentRegion = en;
			hasScannedForEncodings = 0;
			knownRegions = (
				en,
				Base,
			);
			mainGroup = D1DED04F2DBA76980068F872;
			minimizedProjectReferenceProxies = 1;
			packageReferences = (
				D1DED0922DBA85060068F872 /* XCRemoteSwiftPackageReference "SQLite.swift" */,
			);
			preferredProjectObjectVersion = 77;
			productRefGroup = D1DED0592DBA76980068F872 /* Products */;
			projectDirPath = "";
			projectRoot = "";
			targets = (
				D1DED0572DBA76980068F872 /* bilibil */,
				D1DED0672DBA769A0068F872 /* bilibilTests */,
				D1DED0712DBA769A0068F872 /* bilibilUITests */,
			);
		};
/* End PBXProject section */

/* Begin PBXResourcesBuildPhase section */
		D1DED0562DBA76980068F872 /* Resources */ = {
			isa = PBXResourcesBuildPhase;
			buildActionMask = 2147483647;
			files = (
			);
			runOnlyForDeploymentPostprocessing = 0;
		};
		D1DED0662DBA769A0068F872 /* Resources */ = {
			isa = PBXResourcesBuildPhase;
			buildActionMask = 2147483647;
			files = (
			);
			runOnlyForDeploymentPostprocessing = 0;
		};
		D1DED0702DBA769A0068F872 /* Resources */ = {
			isa = PBXResourcesBuildPhase;
			buildActionMask = 2147483647;
			files = (
			);
			runOnlyForDeploymentPostprocessing = 0;
		};
/* End PBXResourcesBuildPhase section */

/* Begin PBXSourcesBuildPhase section */
		D1DED0542DBA76980068F872 /* Sources */ = {
			isa = PBXSourcesBuildPhase;
			buildActionMask = 2147483647;
			files = (
			);
			runOnlyForDeploymentPostprocessing = 0;
		};
		D1DED0642DBA769A0068F872 /* Sources */ = {
			isa = PBXSourcesBuildPhase;
			buildActionMask = 2147483647;
			files = (
			);
			runOnlyForDeploymentPostprocessing = 0;
		};
		D1DED06E2DBA769A0068F872 /* Sources */ = {
			isa = PBXSourcesBuildPhase;
			buildActionMask = 2147483647;
			files = (
			);
			runOnlyForDeploymentPostprocessing = 0;
		};
/* End PBXSourcesBuildPhase section */

/* Begin PBXTargetDependency section */
		D1DED06A2DBA769A0068F872 /* PBXTargetDependency */ = {
			isa = PBXTargetDependency;
			target = D1DED0572DBA76980068F872 /* bilibil */;
			targetProxy = D1DED0692DBA769A0068F872 /* PBXContainerItemProxy */;
		};
		D1DED0742DBA769A0068F872 /* PBXTargetDependency */ = {
			isa = PBXTargetDependency;
			target = D1DED0572DBA76980068F872 /* bilibil */;
			targetProxy = D1DED0732DBA769A0068F872 /* PBXContainerItemProxy */;
		};
/* End PBXTargetDependency section */

/* Begin XCBuildConfiguration section */
		D1DED07A2DBA769A0068F872 /* Debug */ = {
			isa = XCBuildConfiguration;
			buildSettings = {
				ALWAYS_SEARCH_USER_PATHS = NO;
				ASSETCATALOG_COMPILER_GENERATE_SWIFT_ASSET_SYMBOL_EXTENSIONS = YES;
				CLANG_ANALYZER_NONNULL = YES;
				CLANG_ANALYZER_NUMBER_OBJECT_CONVERSION = YES_AGGRESSIVE;
				CLANG_CXX_LANGUAGE_STANDARD = "gnu++20";
				CLANG_ENABLE_MODULES = YES;
				CLANG_ENABLE_OBJC_ARC = YES;
				CLANG_ENABLE_OBJC_WEAK = YES;
				CLANG_WARN_BLOCK_CAPTURE_AUTORELEASING = YES;
				CLANG_WARN_BOOL_CONVERSION = YES;
				CLANG_WARN_COMMA = YES;
				CLANG_WARN_CONSTANT_CONVERSION = YES;
				CLANG_WARN_DEPRECATED_OBJC_IMPLEMENTATIONS = YES;
				CLANG_WARN_DIRECT_OBJC_ISA_USAGE = YES_ERROR;
				CLANG_WARN_DOCUMENTATION_COMMENTS = YES;
				CLANG_WARN_EMPTY_BODY = YES;
				CLANG_WARN_ENUM_CONVERSION = YES;
				CLANG_WARN_INFINITE_RECURSION = YES;
				CLANG_WARN_INT_CONVERSION = YES;
				CLANG_WARN_NON_LITERAL_NULL_CONVERSION = YES;
				CLANG_WARN_OBJC_IMPLICIT_RETAIN_SELF = YES;
				CLANG_WARN_OBJC_LITERAL_CONVERSION = YES;
				CLANG_WARN_OBJC_ROOT_CLASS = YES_ERROR;
				CLANG_WARN_QUOTED_INCLUDE_IN_FRAMEWORK_HEADER = YES;
				CLANG_WARN_RANGE_LOOP_ANALYSIS = YES;
				CLANG_WARN_STRICT_PROTOTYPES = YES;
				CLANG_WARN_SUSPICIOUS_MOVE = YES;
				CLANG_WARN_UNGUARDED_AVAILABILITY = YES_AGGRESSIVE;
				CLANG_WARN_UNREACHABLE_CODE = YES;
				CLANG_WARN__DUPLICATE_METHOD_MATCH = YES;
				COPY_PHASE_STRIP = NO;
				DEBUG_INFORMATION_FORMAT = dwarf;
				ENABLE_STRICT_OBJC_MSGSEND = YES;
				ENABLE_TESTABILITY = YES;
				ENABLE_USER_SCRIPT_SANDBOXING = YES;
				GCC_C_LANGUAGE_STANDARD = gnu17;
				GCC_DYNAMIC_NO_PIC = NO;
				GCC_NO_COMMON_BLOCKS = YES;
				GCC_OPTIMIZATION_LEVEL = 0;
				GCC_PREPROCESSOR_DEFINITIONS = (
					"DEBUG=1",
					"$(inherited)",
				);
				GCC_WARN_64_TO_32_BIT_CONVERSION = YES;
				GCC_WARN_ABOUT_RETURN_TYPE = YES_ERROR;
				GCC_WARN_UNDECLARED_SELECTOR = YES;
				GCC_WARN_UNINITIALIZED_AUTOS = YES_AGGRESSIVE;
				GCC_WARN_UNUSED_FUNCTION = YES;
				GCC_WARN_UNUSED_VARIABLE = YES;
				IPHONEOS_DEPLOYMENT_TARGET = 18.0;
				LOCALIZATION_PREFERS_STRING_CATALOGS = YES;
				MTL_ENABLE_DEBUG_INFO = INCLUDE_SOURCE;
				MTL_FAST_MATH = YES;
				ONLY_ACTIVE_ARCH = YES;
				SDKROOT = iphoneos;
				SWIFT_ACTIVE_COMPILATION_CONDITIONS = "DEBUG $(inherited)";
				SWIFT_OPTIMIZATION_LEVEL = "-Onone";
			};
			name = Debug;
		};
		D1DED07B2DBA769A0068F872 /* Release */ = {
			isa = XCBuildConfiguration;
			buildSettings = {
				ALWAYS_SEARCH_USER_PATHS = NO;
				ASSETCATALOG_COMPILER_GENERATE_SWIFT_ASSET_SYMBOL_EXTENSIONS = YES;
				CLANG_ANALYZER_NONNULL = YES;
				CLANG_ANALYZER_NUMBER_OBJECT_CONVERSION = YES_AGGRESSIVE;
				CLANG_CXX_LANGUAGE_STANDARD = "gnu++20";
				CLANG_ENABLE_MODULES = YES;
				CLANG_ENABLE_OBJC_ARC = YES;
				CLANG_ENABLE_OBJC_WEAK = YES;
				CLANG_WARN_BLOCK_CAPTURE_AUTORELEASING = YES;
				CLANG_WARN_BOOL_CONVERSION = YES;
				CLANG_WARN_COMMA = YES;
				CLANG_WARN_CONSTANT_CONVERSION = YES;
				CLANG_WARN_DEPRECATED_OBJC_IMPLEMENTATIONS = YES;
				CLANG_WARN_DIRECT_OBJC_ISA_USAGE = YES_ERROR;
				CLANG_WARN_DOCUMENTATION_COMMENTS = YES;
				CLANG_WARN_EMPTY_BODY = YES;
				CLANG_WARN_ENUM_CONVERSION = YES;
				CLANG_WARN_INFINITE_RECURSION = YES;
				CLANG_WARN_INT_CONVERSION = YES;
				CLANG_WARN_NON_LITERAL_NULL_CONVERSION = YES;
				CLANG_WARN_OBJC_IMPLICIT_RETAIN_SELF = YES;
				CLANG_WARN_OBJC_LITERAL_CONVERSION = YES;
				CLANG_WARN_OBJC_ROOT_CLASS = YES_ERROR;
				CLANG_WARN_QUOTED_INCLUDE_IN_FRAMEWORK_HEADER = YES;
				CLANG_WARN_RANGE_LOOP_ANALYSIS = YES;
				CLANG_WARN_STRICT_PROTOTYPES = YES;
				CLANG_WARN_SUSPICIOUS_MOVE = YES;
				CLANG_WARN_UNGUARDED_AVAILABILITY = YES_AGGRESSIVE;
				CLANG_WARN_UNREACHABLE_CODE = YES;
				CLANG_WARN__DUPLICATE_METHOD_MATCH = YES;
				COPY_PHASE_STRIP = NO;
				DEBUG_INFORMATION_FORMAT = "dwarf-with-dsym";
				ENABLE_NS_ASSERTIONS = NO;
				ENABLE_STRICT_OBJC_MSGSEND = YES;
				ENABLE_USER_SCRIPT_SANDBOXING = YES;
				GCC_C_LANGUAGE_STANDARD = gnu17;
				GCC_NO_COMMON_BLOCKS = YES;
				GCC_WARN_64_TO_32_BIT_CONVERSION = YES;
				GCC_WARN_ABOUT_RETURN_TYPE = YES_ERROR;
				GCC_WARN_UNDECLARED_SELECTOR = YES;
				GCC_WARN_UNINITIALIZED_AUTOS = YES_AGGRESSIVE;
				GCC_WARN_UNUSED_FUNCTION = YES;
				GCC_WARN_UNUSED_VARIABLE = YES;
				IPHONEOS_DEPLOYMENT_TARGET = 18.0;
				LOCALIZATION_PREFERS_STRING_CATALOGS = YES;
				MTL_ENABLE_DEBUG_INFO = NO;
				MTL_FAST_MATH = YES;
				SDKROOT = iphoneos;
				SWIFT_COMPILATION_MODE = wholemodule;
				VALIDATE_PRODUCT = YES;
			};
			name = Release;
		};
		D1DED07D2DBA769A0068F872 /* Debug */ = {
			isa = XCBuildConfiguration;
			buildSettings = {
				ASSETCATALOG_COMPILER_APPICON_NAME = AppIcon;
				ASSETCATALOG_COMPILER_GLOBAL_ACCENT_COLOR_NAME = AccentColor;
				CODE_SIGN_STYLE = Automatic;
				CURRENT_PROJECT_VERSION = 1;
				DEVELOPMENT_ASSET_PATHS = "\"bilibil/Preview Content\"";
				ENABLE_PREVIEWS = YES;
				GENERATE_INFOPLIST_FILE = YES;
				INFOPLIST_KEY_UIApplicationSceneManifest_Generation = YES;
				INFOPLIST_KEY_UIApplicationSupportsIndirectInputEvents = YES;
				INFOPLIST_KEY_UILaunchScreen_Generation = YES;
				INFOPLIST_KEY_UISupportedInterfaceOrientations_iPad = "UIInterfaceOrientationPortrait UIInterfaceOrientationPortraitUpsideDown UIInterfaceOrientationLandscapeLeft UIInterfaceOrientationLandscapeRight";
				INFOPLIST_KEY_UISupportedInterfaceOrientations_iPhone = "UIInterfaceOrientationPortrait UIInterfaceOrientationLandscapeLeft UIInterfaceOrientationLandscapeRight";
				LD_RUNPATH_SEARCH_PATHS = (
					"$(inherited)",
					"@executable_path/Frameworks",
				);
				MARKETING_VERSION = 1.0;
				PRODUCT_BUNDLE_IDENTIFIER = fzu.bilibil;
				PRODUCT_NAME = "$(TARGET_NAME)";
				SWIFT_EMIT_LOC_STRINGS = YES;
				SWIFT_OBJC_BRIDGING_HEADER = "";
				SWIFT_VERSION = 5.0;
				TARGETED_DEVICE_FAMILY = "1,2";
			};
			name = Debug;
		};
		D1DED07E2DBA769A0068F872 /* Release */ = {
			isa = XCBuildConfiguration;
			buildSettings = {
				ASSETCATALOG_COMPILER_APPICON_NAME = AppIcon;
				ASSETCATALOG_COMPILER_GLOBAL_ACCENT_COLOR_NAME = AccentColor;
				CODE_SIGN_STYLE = Automatic;
				CURRENT_PROJECT_VERSION = 1;
				DEVELOPMENT_ASSET_PATHS = "\"bilibil/Preview Content\"";
				ENABLE_PREVIEWS = YES;
				GENERATE_INFOPLIST_FILE = YES;
				INFOPLIST_KEY_UIApplicationSceneManifest_Generation = YES;
				INFOPLIST_KEY_UIApplicationSupportsIndirectInputEvents = YES;
				INFOPLIST_KEY_UILaunchScreen_Generation = YES;
				INFOPLIST_KEY_UISupportedInterfaceOrientations_iPad = "UIInterfaceOrientationPortrait UIInterfaceOrientationPortraitUpsideDown UIInterfaceOrientationLandscapeLeft UIInterfaceOrientationLandscapeRight";
				INFOPLIST_KEY_UISupportedInterfaceOrientations_iPhone = "UIInterfaceOrientationPortrait UIInterfaceOrientationLandscapeLeft UIInterfaceOrientationLandscapeRight";
				LD_RUNPATH_SEARCH_PATHS = (
					"$(inherited)",
					"@executable_path/Frameworks",
				);
				MARKETING_VERSION = 1.0;
				PRODUCT_BUNDLE_IDENTIFIER = fzu.bilibil;
				PRODUCT_NAME = "$(TARGET_NAME)";
				SWIFT_EMIT_LOC_STRINGS = YES;
				SWIFT_OBJC_BRIDGING_HEADER = "";
				SWIFT_VERSION = 5.0;
				TARGETED_DEVICE_FAMILY = "1,2";
			};
			name = Release;
		};
		D1DED0802DBA769A0068F872 /* Debug */ = {
			isa = XCBuildConfiguration;
			buildSettings = {
				BUNDLE_LOADER = "$(TEST_HOST)";
				CODE_SIGN_STYLE = Automatic;
				CURRENT_PROJECT_VERSION = 1;
				GENERATE_INFOPLIST_FILE = YES;
				IPHONEOS_DEPLOYMENT_TARGET = 18.0;
				MARKETING_VERSION = 1.0;
				PRODUCT_BUNDLE_IDENTIFIER = fzu.bilibilTests;
				PRODUCT_NAME = "$(TARGET_NAME)";
				SWIFT_EMIT_LOC_STRINGS = NO;
				SWIFT_VERSION = 5.0;
				TARGETED_DEVICE_FAMILY = "1,2";
				TEST_HOST = "$(BUILT_PRODUCTS_DIR)/bilibil.app/$(BUNDLE_EXECUTABLE_FOLDER_PATH)/bilibil";
			};
			name = Debug;
		};
		D1DED0812DBA769A0068F872 /* Release */ = {
			isa = XCBuildConfiguration;
			buildSettings = {
				BUNDLE_LOADER = "$(TEST_HOST)";
				CODE_SIGN_STYLE = Automatic;
				CURRENT_PROJECT_VERSION = 1;
				GENERATE_INFOPLIST_FILE = YES;
				IPHONEOS_DEPLOYMENT_TARGET = 18.0;
				MARKETING_VERSION = 1.0;
				PRODUCT_BUNDLE_IDENTIFIER = fzu.bilibilTests;
				PRODUCT_NAME = "$(TARGET_NAME)";
				SWIFT_EMIT_LOC_STRINGS = NO;
				SWIFT_VERSION = 5.0;
				TARGETED_DEVICE_FAMILY = "1,2";
				TEST_HOST = "$(BUILT_PRODUCTS_DIR)/bilibil.app/$(BUNDLE_EXECUTABLE_FOLDER_PATH)/bilibil";
			};
			name = Release;
		};
		D1DED0832DBA769A0068F872 /* Debug */ = {
			isa = XCBuildConfiguration;
			buildSettings = {
				CODE_SIGN_STYLE = Automatic;
				CURRENT_PROJECT_VERSION = 1;
				GENERATE_INFOPLIST_FILE = YES;
				MARKETING_VERSION = 1.0;
				PRODUCT_BUNDLE_IDENTIFIER = fzu.bilibilUITests;
				PRODUCT_NAME = "$(TARGET_NAME)";
				SWIFT_EMIT_LOC_STRINGS = NO;
				SWIFT_VERSION = 5.0;
				TARGETED_DEVICE_FAMILY = "1,2";
				TEST_TARGET_NAME = bilibil;
			};
			name = Debug;
		};
		D1DED0842DBA769A0068F872 /* Release */ = {
			isa = XCBuildConfiguration;
			buildSettings = {
				CODE_SIGN_STYLE = Automatic;
				CURRENT_PROJECT_VERSION = 1;
				GENERATE_INFOPLIST_FILE = YES;
				MARKETING_VERSION = 1.0;
				PRODUCT_BUNDLE_IDENTIFIER = fzu.bilibilUITests;
				PRODUCT_NAME = "$(TARGET_NAME)";
				SWIFT_EMIT_LOC_STRINGS = NO;
				SWIFT_VERSION = 5.0;
				TARGETED_DEVICE_FAMILY = "1,2";
				TEST_TARGET_NAME = bilibil;
			};
			name = Release;
		};
/* End XCBuildConfiguration section */

/* Begin XCConfigurationList section */
		D1DED0532DBA76980068F872 /* Build configuration list for PBXProject "bilibil" */ = {
			isa = XCConfigurationList;
			buildConfigurations = (
				D1DED07A2DBA769A0068F872 /* Debug */,
				D1DED07B2DBA769A0068F872 /* Release */,
			);
			defaultConfigurationIsVisible = 0;
			defaultConfigurationName = Release;
		};
		D1DED07C2DBA769A0068F872 /* Build configuration list for PBXNativeTarget "bilibil" */ = {
			isa = XCConfigurationList;
			buildConfigurations = (
				D1DED07D2DBA769A0068F872 /* Debug */,
				D1DED07E2DBA769A0068F872 /* Release */,
			);
			defaultConfigurationIsVisible = 0;
			defaultConfigurationName = Release;
		};
		D1DED07F2DBA769A0068F872 /* Build configuration list for PBXNativeTarget "bilibilTests" */ = {
			isa = XCConfigurationList;
			buildConfigurations = (
				D1DED0802DBA769A0068F872 /* Debug */,
				D1DED0812DBA769A0068F872 /* Release */,
			);
			defaultConfigurationIsVisible = 0;
			defaultConfigurationName = Release;
		};
		D1DED0822DBA769A0068F872 /* Build configuration list for PBXNativeTarget "bilibilUITests" */ = {
			isa = XCConfigurationList;
			buildConfigurations = (
				D1DED0832DBA769A0068F872 /* Debug */,
				D1DED0842DBA769A0068F872 /* Release */,
			);
			defaultConfigurationIsVisible = 0;
			defaultConfigurationName = Release;
		};
/* End XCConfigurationList section */

/* Begin XCRemoteSwiftPackageReference section */
		D1DED0922DBA85060068F872 /* XCRemoteSwiftPackageReference "SQLite.swift" */ = {
			isa = XCRemoteSwiftPackageReference;
			repositoryURL = "https://github.com/stephencelis/SQLite.swift.git";
			requirement = {
				kind = upToNextMajorVersion;
				minimumVersion = 0.15.3;
			};
		};
/* End XCRemoteSwiftPackageReference section */

/* Begin XCSwiftPackageProductDependency section */
		D1DED0932DBA86A60068F872 /* SQLite */ = {
			isa = XCSwiftPackageProductDependency;
			package = D1DED0922DBA85060068F872 /* XCRemoteSwiftPackageReference "SQLite.swift" */;
			productName = SQLite;
		};
/* End XCSwiftPackageProductDependency section */
	};
	rootObject = D1DED0502DBA76980068F872 /* Project object */;
}
