// !$*UTF8*$!
{
	archiveVersion = 1;
	classes = {
	};
	objectVersion = 77;
	objects = {

/* Begin PBXBuildFile section */
		D1C481692DF6C37000972468 /* SQLite in Frameworks */ = {isa = PBXBuildFile; productRef = D1C481682DF6C37000972468 /* SQLite */; };
		D1C4816B2DF6C40B00972468 /* libsqlite3.0.tbd in Frameworks */ = {isa = PBXBuildFile; fileRef = D1C4816A2DF6C40B00972468 /* libsqlite3.0.tbd */; };
		D1EBD4782DE34C0000CE6CAB /* libsqlite3.tbd in Frameworks */ = {isa = PBXBuildFile; fileRef = D1EBD4772DE34C0000CE6CAB /* libsqlite3.tbd */; };
/* End PBXBuildFile section */

/* Begin PBXContainerItemProxy section */
		D1EBD2D82DE06E8700CE6CAB /* PBXContainerItemProxy */ = {
			isa = PBXContainerItemProxy;
			containerPortal = D1EBD2BF2DE06E8500CE6CAB /* Project object */;
			proxyType = 1;
			remoteGlobalIDString = D1EBD2C62DE06E8500CE6CAB;
			remoteInfo = bilili;
		};
		D1EBD2E22DE06E8700CE6CAB /* PBXContainerItemProxy */ = {
			isa = PBXContainerItemProxy;
			containerPortal = D1EBD2BF2DE06E8500CE6CAB /* Project object */;
			proxyType = 1;
			remoteGlobalIDString = D1EBD2C62DE06E8500CE6CAB;
			remoteInfo = bilili;
		};
/* End PBXContainerItemProxy section */

/* Begin PBXFileReference section */
		D1C4816A2DF6C40B00972468 /* libsqlite3.0.tbd */ = {isa = PBXFileReference; lastKnownFileType = "sourcecode.text-based-dylib-definition"; name = libsqlite3.0.tbd; path = usr/lib/libsqlite3.0.tbd; sourceTree = SDKROOT; };
		D1EBD2C72DE06E8500CE6CAB /* bilili.app */ = {isa = PBXFileReference; explicitFileType = wrapper.application; includeInIndex = 0; path = bilili.app; sourceTree = BUILT_PRODUCTS_DIR; };
		D1EBD2D72DE06E8700CE6CAB /* bililiTests.xctest */ = {isa = PBXFileReference; explicitFileType = wrapper.cfbundle; includeInIndex = 0; path = bililiTests.xctest; sourceTree = BUILT_PRODUCTS_DIR; };
		D1EBD2E12DE06E8700CE6CAB /* bililiUITests.xctest */ = {isa = PBXFileReference; explicitFileType = wrapper.cfbundle; includeInIndex = 0; path = bililiUITests.xctest; sourceTree = BUILT_PRODUCTS_DIR; };
		D1EBD4772DE34C0000CE6CAB /* libsqlite3.tbd */ = {isa = PBXFileReference; lastKnownFileType = "sourcecode.text-based-dylib-definition"; name = libsqlite3.tbd; path = usr/lib/libsqlite3.tbd; sourceTree = SDKROOT; };
/* End PBXFileReference section */

/* Begin PBXFileSystemSynchronizedRootGroup section */
		D1EBD2C92DE06E8500CE6CAB /* bilili */ = {
			isa = PBXFileSystemSynchronizedRootGroup;
			path = bilili;
			sourceTree = "<group>";
		};
		D1EBD2DA2DE06E8700CE6CAB /* bililiTests */ = {
			isa = PBXFileSystemSynchronizedRootGroup;
			path = bililiTests;
			sourceTree = "<group>";
		};
		D1EBD2E42DE06E8700CE6CAB /* bililiUITests */ = {
			isa = PBXFileSystemSynchronizedRootGroup;
			path = bililiUITests;
			sourceTree = "<group>";
		};
/* End PBXFileSystemSynchronizedRootGroup section */

/* Begin PBXFrameworksBuildPhase section */
		D1EBD2C42DE06E8500CE6CAB /* Frameworks */ = {
			isa = PBXFrameworksBuildPhase;
			buildActionMask = 2147483647;
			files = (
				D1C4816B2DF6C40B00972468 /* libsqlite3.0.tbd in Frameworks */,
				D1C481692DF6C37000972468 /* SQLite in Frameworks */,
				D1EBD4782DE34C0000CE6CAB /* libsqlite3.tbd in Frameworks */,
			);
			runOnlyForDeploymentPostprocessing = 0;
		};
		D1EBD2D42DE06E8700CE6CAB /* Frameworks */ = {
			isa = PBXFrameworksBuildPhase;
			buildActionMask = 2147483647;
			files = (
			);
			runOnlyForDeploymentPostprocessing = 0;
		};
		D1EBD2DE2DE06E8700CE6CAB /* Frameworks */ = {
			isa = PBXFrameworksBuildPhase;
			buildActionMask = 2147483647;
			files = (
			);
			runOnlyForDeploymentPostprocessing = 0;
		};
/* End PBXFrameworksBuildPhase section */

/* Begin PBXGroup section */
		D1EBD2BE2DE06E8500CE6CAB = {
			isa = PBXGroup;
			children = (
				D1EBD2C92DE06E8500CE6CAB /* bilili */,
				D1EBD2DA2DE06E8700CE6CAB /* bililiTests */,
				D1EBD2E42DE06E8700CE6CAB /* bililiUITests */,
				D1EBD4762DE34BFF00CE6CAB /* Frameworks */,
				D1EBD2C82DE06E8500CE6CAB /* Products */,
			);
			sourceTree = "<group>";
		};
		D1EBD2C82DE06E8500CE6CAB /* Products */ = {
			isa = PBXGroup;
			children = (
				D1EBD2C72DE06E8500CE6CAB /* bilili.app */,
				D1EBD2D72DE06E8700CE6CAB /* bililiTests.xctest */,
				D1EBD2E12DE06E8700CE6CAB /* bililiUITests.xctest */,
			);
			name = Products;
			sourceTree = "<group>";
		};
		D1EBD4762DE34BFF00CE6CAB /* Frameworks */ = {
			isa = PBXGroup;
			children = (
				D1C4816A2DF6C40B00972468 /* libsqlite3.0.tbd */,
				D1EBD4772DE34C0000CE6CAB /* libsqlite3.tbd */,
			);
			name = Frameworks;
			sourceTree = "<group>";
		};
/* End PBXGroup section */

/* Begin PBXNativeTarget section */
		D1EBD2C62DE06E8500CE6CAB /* bilili */ = {
			isa = PBXNativeTarget;
			buildConfigurationList = D1EBD2EB2DE06E8700CE6CAB /* Build configuration list for PBXNativeTarget "bilili" */;
			buildPhases = (
				D1EBD2C32DE06E8500CE6CAB /* Sources */,
				D1EBD2C42DE06E8500CE6CAB /* Frameworks */,
				D1EBD2C52DE06E8500CE6CAB /* Resources */,
			);
			buildRules = (
			);
			dependencies = (
			);
			fileSystemSynchronizedGroups = (
				D1EBD2C92DE06E8500CE6CAB /* bilili */,
			);
			name = bilili;
			packageProductDependencies = (
				D1C481682DF6C37000972468 /* SQLite */,
			);
			productName = bilili;
			productReference = D1EBD2C72DE06E8500CE6CAB /* bilili.app */;
			productType = "com.apple.product-type.application";
		};
		D1EBD2D62DE06E8700CE6CAB /* bililiTests */ = {
			isa = PBXNativeTarget;
			buildConfigurationList = D1EBD2EE2DE06E8700CE6CAB /* Build configuration list for PBXNativeTarget "bililiTests" */;
			buildPhases = (
				D1EBD2D32DE06E8700CE6CAB /* Sources */,
				D1EBD2D42DE06E8700CE6CAB /* Frameworks */,
				D1EBD2D52DE06E8700CE6CAB /* Resources */,
			);
			buildRules = (
			);
			dependencies = (
				D1EBD2D92DE06E8700CE6CAB /* PBXTargetDependency */,
			);
			fileSystemSynchronizedGroups = (
				D1EBD2DA2DE06E8700CE6CAB /* bililiTests */,
			);
			name = bililiTests;
			packageProductDependencies = (
			);
			productName = bililiTests;
			productReference = D1EBD2D72DE06E8700CE6CAB /* bililiTests.xctest */;
			productType = "com.apple.product-type.bundle.unit-test";
		};
		D1EBD2E02DE06E8700CE6CAB /* bililiUITests */ = {
			isa = PBXNativeTarget;
			buildConfigurationList = D1EBD2F12DE06E8700CE6CAB /* Build configuration list for PBXNativeTarget "bililiUITests" */;
			buildPhases = (
				D1EBD2DD2DE06E8700CE6CAB /* Sources */,
				D1EBD2DE2DE06E8700CE6CAB /* Frameworks */,
				D1EBD2DF2DE06E8700CE6CAB /* Resources */,
			);
			buildRules = (
			);
			dependencies = (
				D1EBD2E32DE06E8700CE6CAB /* PBXTargetDependency */,
			);
			fileSystemSynchronizedGroups = (
				D1EBD2E42DE06E8700CE6CAB /* bililiUITests */,
			);
			name = bililiUITests;
			packageProductDependencies = (
			);
			productName = bililiUITests;
			productReference = D1EBD2E12DE06E8700CE6CAB /* bililiUITests.xctest */;
			productType = "com.apple.product-type.bundle.ui-testing";
		};
/* End PBXNativeTarget section */

/* Begin PBXProject section */
		D1EBD2BF2DE06E8500CE6CAB /* Project object */ = {
			isa = PBXProject;
			attributes = {
				BuildIndependentTargetsInParallel = 1;
				LastSwiftUpdateCheck = 1600;
				LastUpgradeCheck = 1600;
				TargetAttributes = {
					D1EBD2C62DE06E8500CE6CAB = {
						CreatedOnToolsVersion = 16.0;
					};
					D1EBD2D62DE06E8700CE6CAB = {
						CreatedOnToolsVersion = 16.0;
						TestTargetID = D1EBD2C62DE06E8500CE6CAB;
					};
					D1EBD2E02DE06E8700CE6CAB = {
						CreatedOnToolsVersion = 16.0;
						TestTargetID = D1EBD2C62DE06E8500CE6CAB;
					};
				};
			};
			buildConfigurationList = D1EBD2C22DE06E8500CE6CAB /* Build configuration list for PBXProject "bilili" */;
			developmentRegion = en;
			hasScannedForEncodings = 0;
			knownRegions = (
				en,
				Base,
			);
			mainGroup = D1EBD2BE2DE06E8500CE6CAB;
			minimizedProjectReferenceProxies = 1;
			packageReferences = (
				D1C481672DF6C37000972468 /* XCRemoteSwiftPackageReference "SQLite.swift" */,
			);
			preferredProjectObjectVersion = 77;
			productRefGroup = D1EBD2C82DE06E8500CE6CAB /* Products */;
			projectDirPath = "";
			projectRoot = "";
			targets = (
				D1EBD2C62DE06E8500CE6CAB /* bilili */,
				D1EBD2D62DE06E8700CE6CAB /* bililiTests */,
				D1EBD2E02DE06E8700CE6CAB /* bililiUITests */,
			);
		};
/* End PBXProject section */

/* Begin PBXResourcesBuildPhase section */
		D1EBD2C52DE06E8500CE6CAB /* Resources */ = {
			isa = PBXResourcesBuildPhase;
			buildActionMask = 2147483647;
			files = (
			);
			runOnlyForDeploymentPostprocessing = 0;
		};
		D1EBD2D52DE06E8700CE6CAB /* Resources */ = {
			isa = PBXResourcesBuildPhase;
			buildActionMask = 2147483647;
			files = (
			);
			runOnlyForDeploymentPostprocessing = 0;
		};
		D1EBD2DF2DE06E8700CE6CAB /* Resources */ = {
			isa = PBXResourcesBuildPhase;
			buildActionMask = 2147483647;
			files = (
			);
			runOnlyForDeploymentPostprocessing = 0;
		};
/* End PBXResourcesBuildPhase section */

/* Begin PBXSourcesBuildPhase section */
		D1EBD2C32DE06E8500CE6CAB /* Sources */ = {
			isa = PBXSourcesBuildPhase;
			buildActionMask = 2147483647;
			files = (
			);
			runOnlyForDeploymentPostprocessing = 0;
		};
		D1EBD2D32DE06E8700CE6CAB /* Sources */ = {
			isa = PBXSourcesBuildPhase;
			buildActionMask = 2147483647;
			files = (
			);
			runOnlyForDeploymentPostprocessing = 0;
		};
		D1EBD2DD2DE06E8700CE6CAB /* Sources */ = {
			isa = PBXSourcesBuildPhase;
			buildActionMask = 2147483647;
			files = (
			);
			runOnlyForDeploymentPostprocessing = 0;
		};
/* End PBXSourcesBuildPhase section */

/* Begin PBXTargetDependency section */
		D1EBD2D92DE06E8700CE6CAB /* PBXTargetDependency */ = {
			isa = PBXTargetDependency;
			target = D1EBD2C62DE06E8500CE6CAB /* bilili */;
			targetProxy = D1EBD2D82DE06E8700CE6CAB /* PBXContainerItemProxy */;
		};
		D1EBD2E32DE06E8700CE6CAB /* PBXTargetDependency */ = {
			isa = PBXTargetDependency;
			target = D1EBD2C62DE06E8500CE6CAB /* bilili */;
			targetProxy = D1EBD2E22DE06E8700CE6CAB /* PBXContainerItemProxy */;
		};
/* End PBXTargetDependency section */

/* Begin XCBuildConfiguration section */
		D1EBD2E92DE06E8700CE6CAB /* Debug */ = {
			isa = XCBuildConfiguration;
			buildSettings = {
				ALWAYS_SEARCH_USER_PATHS = NO;
				ASSETCATALOG_COMPILER_GENERATE_SWIFT_ASSET_SYMBOL_EXTENSIONS = YES;
				CLANG_ANALYZER_NONNULL = YES;
				CLANG_ANALYZER_NUMBER_OBJECT_CONVERSION = YES_AGGRESSIVE;
				CLANG_CXX_LANGUAGE_STANDARD = "gnu++20";
				CLANG_ENABLE_MODULES = YES;
				CLANG_ENABLE_OBJC_ARC = YES;
				CLANG_ENABLE_OBJC_WEAK = YES;
				CLANG_WARN_BLOCK_CAPTURE_AUTORELEASING = YES;
				CLANG_WARN_BOOL_CONVERSION = YES;
				CLANG_WARN_COMMA = YES;
				CLANG_WARN_CONSTANT_CONVERSION = YES;
				CLANG_WARN_DEPRECATED_OBJC_IMPLEMENTATIONS = YES;
				CLANG_WARN_DIRECT_OBJC_ISA_USAGE = YES_ERROR;
				CLANG_WARN_DOCUMENTATION_COMMENTS = YES;
				CLANG_WARN_EMPTY_BODY = YES;
				CLANG_WARN_ENUM_CONVERSION = YES;
				CLANG_WARN_INFINITE_RECURSION = YES;
				CLANG_WARN_INT_CONVERSION = YES;
				CLANG_WARN_NON_LITERAL_NULL_CONVERSION = YES;
				CLANG_WARN_OBJC_IMPLICIT_RETAIN_SELF = YES;
				CLANG_WARN_OBJC_LITERAL_CONVERSION = YES;
				CLANG_WARN_OBJC_ROOT_CLASS = YES_ERROR;
				CLANG_WARN_QUOTED_INCLUDE_IN_FRAMEWORK_HEADER = YES;
				CLANG_WARN_RANGE_LOOP_ANALYSIS = YES;
				CLANG_WARN_STRICT_PROTOTYPES = YES;
				CLANG_WARN_SUSPICIOUS_MOVE = YES;
				CLANG_WARN_UNGUARDED_AVAILABILITY = YES_AGGRESSIVE;
				CLANG_WARN_UNREACHABLE_CODE = YES;
				CLANG_WARN__DUPLICATE_METHOD_MATCH = YES;
				COPY_PHASE_STRIP = NO;
				DEBUG_INFORMATION_FORMAT = dwarf;
				ENABLE_STRICT_OBJC_MSGSEND = YES;
				ENABLE_TESTABILITY = YES;
				ENABLE_USER_SCRIPT_SANDBOXING = YES;
				GCC_C_LANGUAGE_STANDARD = gnu17;
				GCC_DYNAMIC_NO_PIC = NO;
				GCC_NO_COMMON_BLOCKS = YES;
				GCC_OPTIMIZATION_LEVEL = 0;
				GCC_PREPROCESSOR_DEFINITIONS = (
					"DEBUG=1",
					"$(inherited)",
				);
				GCC_WARN_64_TO_32_BIT_CONVERSION = YES;
				GCC_WARN_ABOUT_RETURN_TYPE = YES_ERROR;
				GCC_WARN_UNDECLARED_SELECTOR = YES;
				GCC_WARN_UNINITIALIZED_AUTOS = YES_AGGRESSIVE;
				GCC_WARN_UNUSED_FUNCTION = YES;
				GCC_WARN_UNUSED_VARIABLE = YES;
				IPHONEOS_DEPLOYMENT_TARGET = 18.0;
				LOCALIZATION_PREFERS_STRING_CATALOGS = YES;
				MTL_ENABLE_DEBUG_INFO = INCLUDE_SOURCE;
				MTL_FAST_MATH = YES;
				ONLY_ACTIVE_ARCH = YES;
				SDKROOT = iphoneos;
				SWIFT_ACTIVE_COMPILATION_CONDITIONS = "DEBUG $(inherited)";
				SWIFT_OPTIMIZATION_LEVEL = "-Onone";
			};
			name = Debug;
		};
		D1EBD2EA2DE06E8700CE6CAB /* Release */ = {
			isa = XCBuildConfiguration;
			buildSettings = {
				ALWAYS_SEARCH_USER_PATHS = NO;
				ASSETCATALOG_COMPILER_GENERATE_SWIFT_ASSET_SYMBOL_EXTENSIONS = YES;
				CLANG_ANALYZER_NONNULL = YES;
				CLANG_ANALYZER_NUMBER_OBJECT_CONVERSION = YES_AGGRESSIVE;
				CLANG_CXX_LANGUAGE_STANDARD = "gnu++20";
				CLANG_ENABLE_MODULES = YES;
				CLANG_ENABLE_OBJC_ARC = YES;
				CLANG_ENABLE_OBJC_WEAK = YES;
				CLANG_WARN_BLOCK_CAPTURE_AUTORELEASING = YES;
				CLANG_WARN_BOOL_CONVERSION = YES;
				CLANG_WARN_COMMA = YES;
				CLANG_WARN_CONSTANT_CONVERSION = YES;
				CLANG_WARN_DEPRECATED_OBJC_IMPLEMENTATIONS = YES;
				CLANG_WARN_DIRECT_OBJC_ISA_USAGE = YES_ERROR;
				CLANG_WARN_DOCUMENTATION_COMMENTS = YES;
				CLANG_WARN_EMPTY_BODY = YES;
				CLANG_WARN_ENUM_CONVERSION = YES;
				CLANG_WARN_INFINITE_RECURSION = YES;
				CLANG_WARN_INT_CONVERSION = YES;
				CLANG_WARN_NON_LITERAL_NULL_CONVERSION = YES;
				CLANG_WARN_OBJC_IMPLICIT_RETAIN_SELF = YES;
				CLANG_WARN_OBJC_LITERAL_CONVERSION = YES;
				CLANG_WARN_OBJC_ROOT_CLASS = YES_ERROR;
				CLANG_WARN_QUOTED_INCLUDE_IN_FRAMEWORK_HEADER = YES;
				CLANG_WARN_RANGE_LOOP_ANALYSIS = YES;
				CLANG_WARN_STRICT_PROTOTYPES = YES;
				CLANG_WARN_SUSPICIOUS_MOVE = YES;
				CLANG_WARN_UNGUARDED_AVAILABILITY = YES_AGGRESSIVE;
				CLANG_WARN_UNREACHABLE_CODE = YES;
				CLANG_WARN__DUPLICATE_METHOD_MATCH = YES;
				COPY_PHASE_STRIP = NO;
				DEBUG_INFORMATION_FORMAT = "dwarf-with-dsym";
				ENABLE_NS_ASSERTIONS = NO;
				ENABLE_STRICT_OBJC_MSGSEND = YES;
				ENABLE_USER_SCRIPT_SANDBOXING = YES;
				GCC_C_LANGUAGE_STANDARD = gnu17;
				GCC_NO_COMMON_BLOCKS = YES;
				GCC_WARN_64_TO_32_BIT_CONVERSION = YES;
				GCC_WARN_ABOUT_RETURN_TYPE = YES_ERROR;
				GCC_WARN_UNDECLARED_SELECTOR = YES;
				GCC_WARN_UNINITIALIZED_AUTOS = YES_AGGRESSIVE;
				GCC_WARN_UNUSED_FUNCTION = YES;
				GCC_WARN_UNUSED_VARIABLE = YES;
				IPHONEOS_DEPLOYMENT_TARGET = 18.0;
				LOCALIZATION_PREFERS_STRING_CATALOGS = YES;
				MTL_ENABLE_DEBUG_INFO = NO;
				MTL_FAST_MATH = YES;
				SDKROOT = iphoneos;
				SWIFT_COMPILATION_MODE = wholemodule;
				VALIDATE_PRODUCT = YES;
			};
			name = Release;
		};
		D1EBD2EC2DE06E8700CE6CAB /* Debug */ = {
			isa = XCBuildConfiguration;
			buildSettings = {
				ASSETCATALOG_COMPILER_APPICON_NAME = AppIcon;
				ASSETCATALOG_COMPILER_GLOBAL_ACCENT_COLOR_NAME = AccentColor;
				CODE_SIGN_STYLE = Automatic;
				CURRENT_PROJECT_VERSION = 1;
				DEVELOPMENT_ASSET_PATHS = "\"bilili/Preview Content\"";
				ENABLE_PREVIEWS = YES;
				GENERATE_INFOPLIST_FILE = YES;
				INFOPLIST_KEY_UIApplicationSceneManifest_Generation = YES;
				INFOPLIST_KEY_UIApplicationSupportsIndirectInputEvents = YES;
				INFOPLIST_KEY_UILaunchScreen_Generation = YES;
				INFOPLIST_KEY_UISupportedInterfaceOrientations_iPad = "UIInterfaceOrientationPortrait UIInterfaceOrientationPortraitUpsideDown UIInterfaceOrientationLandscapeLeft UIInterfaceOrientationLandscapeRight";
				INFOPLIST_KEY_UISupportedInterfaceOrientations_iPhone = "UIInterfaceOrientationPortrait UIInterfaceOrientationLandscapeLeft UIInterfaceOrientationLandscapeRight";
				LD_RUNPATH_SEARCH_PATHS = (
					"$(inherited)",
					"@executable_path/Frameworks",
				);
				MARKETING_VERSION = 1.0;
				PRODUCT_BUNDLE_IDENTIFIER = fzu.bilili;
				PRODUCT_NAME = "$(TARGET_NAME)";
				SWIFT_EMIT_LOC_STRINGS = YES;
				SWIFT_VERSION = 5.0;
				TARGETED_DEVICE_FAMILY = "1,2";
			};
			name = Debug;
		};
		D1EBD2ED2DE06E8700CE6CAB /* Release */ = {
			isa = XCBuildConfiguration;
			buildSettings = {
				ASSETCATALOG_COMPILER_APPICON_NAME = AppIcon;
				ASSETCATALOG_COMPILER_GLOBAL_ACCENT_COLOR_NAME = AccentColor;
				CODE_SIGN_STYLE = Automatic;
				CURRENT_PROJECT_VERSION = 1;
				DEVELOPMENT_ASSET_PATHS = "\"bilili/Preview Content\"";
				ENABLE_PREVIEWS = YES;
				GENERATE_INFOPLIST_FILE = YES;
				INFOPLIST_KEY_UIApplicationSceneManifest_Generation = YES;
				INFOPLIST_KEY_UIApplicationSupportsIndirectInputEvents = YES;
				INFOPLIST_KEY_UILaunchScreen_Generation = YES;
				INFOPLIST_KEY_UISupportedInterfaceOrientations_iPad = "UIInterfaceOrientationPortrait UIInterfaceOrientationPortraitUpsideDown UIInterfaceOrientationLandscapeLeft UIInterfaceOrientationLandscapeRight";
				INFOPLIST_KEY_UISupportedInterfaceOrientations_iPhone = "UIInterfaceOrientationPortrait UIInterfaceOrientationLandscapeLeft UIInterfaceOrientationLandscapeRight";
				LD_RUNPATH_SEARCH_PATHS = (
					"$(inherited)",
					"@executable_path/Frameworks",
				);
				MARKETING_VERSION = 1.0;
				PRODUCT_BUNDLE_IDENTIFIER = fzu.bilili;
				PRODUCT_NAME = "$(TARGET_NAME)";
				SWIFT_EMIT_LOC_STRINGS = YES;
				SWIFT_VERSION = 5.0;
				TARGETED_DEVICE_FAMILY = "1,2";
			};
			name = Release;
		};
		D1EBD2EF2DE06E8700CE6CAB /* Debug */ = {
			isa = XCBuildConfiguration;
			buildSettings = {
				BUNDLE_LOADER = "$(TEST_HOST)";
				CODE_SIGN_STYLE = Automatic;
				CURRENT_PROJECT_VERSION = 1;
				GENERATE_INFOPLIST_FILE = YES;
				IPHONEOS_DEPLOYMENT_TARGET = 18.0;
				MARKETING_VERSION = 1.0;
				PRODUCT_BUNDLE_IDENTIFIER = fzu.bililiTests;
				PRODUCT_NAME = "$(TARGET_NAME)";
				SWIFT_EMIT_LOC_STRINGS = NO;
				SWIFT_VERSION = 5.0;
				TARGETED_DEVICE_FAMILY = "1,2";
				TEST_HOST = "$(BUILT_PRODUCTS_DIR)/bilili.app/$(BUNDLE_EXECUTABLE_FOLDER_PATH)/bilili";
			};
			name = Debug;
		};
		D1EBD2F02DE06E8700CE6CAB /* Release */ = {
			isa = XCBuildConfiguration;
			buildSettings = {
				BUNDLE_LOADER = "$(TEST_HOST)";
				CODE_SIGN_STYLE = Automatic;
				CURRENT_PROJECT_VERSION = 1;
				GENERATE_INFOPLIST_FILE = YES;
				IPHONEOS_DEPLOYMENT_TARGET = 18.0;
				MARKETING_VERSION = 1.0;
				PRODUCT_BUNDLE_IDENTIFIER = fzu.bililiTests;
				PRODUCT_NAME = "$(TARGET_NAME)";
				SWIFT_EMIT_LOC_STRINGS = NO;
				SWIFT_VERSION = 5.0;
				TARGETED_DEVICE_FAMILY = "1,2";
				TEST_HOST = "$(BUILT_PRODUCTS_DIR)/bilili.app/$(BUNDLE_EXECUTABLE_FOLDER_PATH)/bilili";
			};
			name = Release;
		};
		D1EBD2F22DE06E8700CE6CAB /* Debug */ = {
			isa = XCBuildConfiguration;
			buildSettings = {
				CODE_SIGN_STYLE = Automatic;
				CURRENT_PROJECT_VERSION = 1;
				GENERATE_INFOPLIST_FILE = YES;
				MARKETING_VERSION = 1.0;
				PRODUCT_BUNDLE_IDENTIFIER = fzu.bililiUITests;
				PRODUCT_NAME = "$(TARGET_NAME)";
				SWIFT_EMIT_LOC_STRINGS = NO;
				SWIFT_VERSION = 5.0;
				TARGETED_DEVICE_FAMILY = "1,2";
				TEST_TARGET_NAME = bilili;
			};
			name = Debug;
		};
		D1EBD2F32DE06E8700CE6CAB /* Release */ = {
			isa = XCBuildConfiguration;
			buildSettings = {
				CODE_SIGN_STYLE = Automatic;
				CURRENT_PROJECT_VERSION = 1;
				GENERATE_INFOPLIST_FILE = YES;
				MARKETING_VERSION = 1.0;
				PRODUCT_BUNDLE_IDENTIFIER = fzu.bililiUITests;
				PRODUCT_NAME = "$(TARGET_NAME)";
				SWIFT_EMIT_LOC_STRINGS = NO;
				SWIFT_VERSION = 5.0;
				TARGETED_DEVICE_FAMILY = "1,2";
				TEST_TARGET_NAME = bilili;
			};
			name = Release;
		};
/* End XCBuildConfiguration section */

/* Begin XCConfigurationList section */
		D1EBD2C22DE06E8500CE6CAB /* Build configuration list for PBXProject "bilili" */ = {
			isa = XCConfigurationList;
			buildConfigurations = (
				D1EBD2E92DE06E8700CE6CAB /* Debug */,
				D1EBD2EA2DE06E8700CE6CAB /* Release */,
			);
			defaultConfigurationIsVisible = 0;
			defaultConfigurationName = Release;
		};
		D1EBD2EB2DE06E8700CE6CAB /* Build configuration list for PBXNativeTarget "bilili" */ = {
			isa = XCConfigurationList;
			buildConfigurations = (
				D1EBD2EC2DE06E8700CE6CAB /* Debug */,
				D1EBD2ED2DE06E8700CE6CAB /* Release */,
			);
			defaultConfigurationIsVisible = 0;
			defaultConfigurationName = Release;
		};
		D1EBD2EE2DE06E8700CE6CAB /* Build configuration list for PBXNativeTarget "bililiTests" */ = {
			isa = XCConfigurationList;
			buildConfigurations = (
				D1EBD2EF2DE06E8700CE6CAB /* Debug */,
				D1EBD2F02DE06E8700CE6CAB /* Release */,
			);
			defaultConfigurationIsVisible = 0;
			defaultConfigurationName = Release;
		};
		D1EBD2F12DE06E8700CE6CAB /* Build configuration list for PBXNativeTarget "bililiUITests" */ = {
			isa = XCConfigurationList;
			buildConfigurations = (
				D1EBD2F22DE06E8700CE6CAB /* Debug */,
				D1EBD2F32DE06E8700CE6CAB /* Release */,
			);
			defaultConfigurationIsVisible = 0;
			defaultConfigurationName = Release;
		};
/* End XCConfigurationList section */

/* Begin XCRemoteSwiftPackageReference section */
		D1C481672DF6C37000972468 /* XCRemoteSwiftPackageReference "SQLite.swift" */ = {
			isa = XCRemoteSwiftPackageReference;
			repositoryURL = "https://github.com/stephencelis/SQLite.swift.git";
			requirement = {
				kind = upToNextMajorVersion;
				minimumVersion = 0.15.3;
			};
		};
/* End XCRemoteSwiftPackageReference section */

/* Begin XCSwiftPackageProductDependency section */
		D1C481682DF6C37000972468 /* SQLite */ = {
			isa = XCSwiftPackageProductDependency;
			package = D1C481672DF6C37000972468 /* XCRemoteSwiftPackageReference "SQLite.swift" */;
			productName = SQLite;
		};
/* End XCSwiftPackageProductDependency section */
	};
	rootObject = D1EBD2BF2DE06E8500CE6CAB /* Project object */;
}
